# This file is autogenerated, do not edit; changes may be undone by the next 'dep ensure'.


[[projects]]
  branch = "master"
  name = "github.com/kabelsea/go-scrapy"
  packages = ["scrapy"]
  revision = "80468967ee7883a65a6035f80a83cd7b7a4c1ddf"

[[projects]]
  name = "github.com/satori/go.uuid"
  packages = ["."]
  revision = "f58768cc1a7a7e77a3bd49e98cdd21419399b6a3"
  version = "v1.2.0"

[[projects]]
  name = "github.com/sirupsen/logrus"
  packages = ["."]
  revision = "c155da19408a8799da419ed3eeb0cb5db0ad5dbc"
  version = "v1.0.5"

[[projects]]
  branch = "master"
  name = "golang.org/x/crypto"
  packages = ["ssh/terminal"]
  revision = "db7d12313a59cd5b727192a287195e2cdfa40049"

[[projects]]
  branch = "master"
  name = "golang.org/x/sys"
  packages = [
    "unix",
    "windows"
  ]
  revision = "f67ecc163a74fbeea4cb1db0a101dcd07201464a"

[solve-meta]
  analyzer-name = "dep"
  analyzer-version = 1
  inputs-digest = "6e8984d1670aeda259e8aa973ca91d06261cd63d754b611d3b28a7c64684f836"
  solver-name = "gps-cdcl"
  solver-version = 1
